
Microsoft Visual Studio Solution File, Format Version 12.00
# Visual Studio Version 17
VisualStudioVersion = 17.0.31903.59
MinimumVisualStudioVersion = 10.0.40219.1
Project("{9A19103F-16F7-4668-BE54-9A1E7A4F7556}") = "Aseguradora.Aplicacion", "Aseguradora.Aplicacion\Aseguradora.Aplicacion.csproj", "{4DBC5578-C183-4812-A078-4B89DB52250D}"
EndProject
Project("{9A19103F-16F7-4668-BE54-9A1E7A4F7556}") = "Aseguradora.Consola", "Aseguradora.Consola\Aseguradora.Consola.csproj", "{8E7329B2-60A4-4A2F-9612-9B9BAD12AC66}"
EndProject
Project("{9A19103F-16F7-4668-BE54-9A1E7A4F7556}") = "Aseguradora.Repositorios", "Aseguradora.Repositorios\Aseguradora.Repositorios.csproj", "{944D955A-6B23-4B1F-BC0B-39386AF8E14B}"
EndProject
Project("{9A19103F-16F7-4668-BE54-9A1E7A4F7556}") = "Aseguradora.UI", "Aseguradora.UI\Aseguradora.UI.csproj", "{185B6060-8460-4D8C-BCC9-F5D7A76ECB36}"
EndProject
Global
	GlobalSection(SolutionConfigurationPlatforms) = preSolution
		Debug|Any CPU = Debug|Any CPU
		Release|Any CPU = Release|Any CPU
	EndGlobalSection
	GlobalSection(ProjectConfigurationPlatforms) = postSolution
		{4DBC5578-C183-4812-A078-4B89DB52250D}.Debug|Any CPU.ActiveCfg = Debug|Any CPU
		{4DBC5578-C183-4812-A078-4B89DB52250D}.Debug|Any CPU.Build.0 = Debug|Any CPU
		{4DBC5578-C183-4812-A078-4B89DB52250D}.Release|Any CPU.ActiveCfg = Release|Any CPU
		{4DBC5578-C183-4812-A078-4B89DB52250D}.Release|Any CPU.Build.0 = Release|Any CPU
		{8E7329B2-60A4-4A2F-9612-9B9BAD12AC66}.Debug|Any CPU.ActiveCfg = Debug|Any CPU
		{8E7329B2-60A4-4A2F-9612-9B9BAD12AC66}.Debug|Any CPU.Build.0 = Debug|Any CPU
		{8E7329B2-60A4-4A2F-9612-9B9BAD12AC66}.Release|Any CPU.ActiveCfg = Release|Any CPU
		{8E7329B2-60A4-4A2F-9612-9B9BAD12AC66}.Release|Any CPU.Build.0 = Release|Any CPU
		{944D955A-6B23-4B1F-BC0B-39386AF8E14B}.Debug|Any CPU.ActiveCfg = Debug|Any CPU
		{944D955A-6B23-4B1F-BC0B-39386AF8E14B}.Debug|Any CPU.Build.0 = Debug|Any CPU
		{944D955A-6B23-4B1F-BC0B-39386AF8E14B}.Release|Any CPU.ActiveCfg = Release|Any CPU
		{944D955A-6B23-4B1F-BC0B-39386AF8E14B}.Release|Any CPU.Build.0 = Release|Any CPU
		{185B6060-8460-4D8C-BCC9-F5D7A76ECB36}.Debug|Any CPU.ActiveCfg = Debug|Any CPU
		{185B6060-8460-4D8C-BCC9-F5D7A76ECB36}.Debug|Any CPU.Build.0 = Debug|Any CPU
		{185B6060-8460-4D8C-BCC9-F5D7A76ECB36}.Release|Any CPU.ActiveCfg = Release|Any CPU
		{185B6060-8460-4D8C-BCC9-F5D7A76ECB36}.Release|Any CPU.Build.0 = Release|Any CPU
	EndGlobalSection
	GlobalSection(SolutionProperties) = preSolution
		HideSolutionNode = FALSE
	EndGlobalSection
EndGlobal
